
Microsoft Visual Studio Solution File, Format Version 12.00
# Visual Studio Version 16
VisualStudioVersion = 16.0.28729.10
MinimumVisualStudioVersion = 10.0.40219.1
Project("{FAE04EC0-301F-11D3-BF4B-00C04F79EFBC}") = "The_Fifteen_Puzzle", "pazel_Game\The_Fifteen_Puzzle.csproj", "{C7106D6B-5015-410C-AECF-0E5075D44608}"
EndProject
Global
	GlobalSection(SolutionConfigurationPlatforms) = preSolution
		Debug|Any CPU = Debug|Any CPU
		Release|Any CPU = Release|Any CPU
	EndGlobalSection
	GlobalSection(ProjectConfigurationPlatforms) = postSolution
		{C7106D6B-5015-410C-AECF-0E5075D44608}.Debug|Any CPU.ActiveCfg = Debug|Any CPU
		{C7106D6B-5015-410C-AECF-0E5075D44608}.Debug|Any CPU.Build.0 = Debug|Any CPU
		{C7106D6B-5015-410C-AECF-0E5075D44608}.Release|Any CPU.ActiveCfg = Release|Any CPU
		{C7106D6B-5015-410C-AECF-0E5075D44608}.Release|Any CPU.Build.0 = Release|Any CPU
	EndGlobalSection
	GlobalSection(SolutionProperties) = preSolution
		HideSolutionNode = FALSE
	EndGlobalSection
	GlobalSection(ExtensibilityGlobals) = postSolution
		SolutionGuid = {D97878C3-880D-4DA6-BA17-61A08DB0BEF5}
	EndGlobalSection
EndGlobal
